// !$*UTF8*$!
{
	archiveVersion = 1;
	classes = {
	};
	objectVersion = 52;
	objects = {

/* Begin PBXBuildFile section */
		4218EC34257291C700007EF4 /* LightSourceCodeTheme.swift in Sources */ = {isa = PBXBuildFile; fileRef = 4218EC33257291C700007EF4 /* LightSourceCodeTheme.swift */; };
		4218EC382572971100007EF4 /* DarkSourceCodeTheme.swift in Sources */ = {isa = PBXBuildFile; fileRef = 4218EC372572971100007EF4 /* DarkSourceCodeTheme.swift */; };
		4218EC3B2572C1C300007EF4 /* REPL.swift in Sources */ = {isa = PBXBuildFile; fileRef = 4218EC3A2572C1C300007EF4 /* REPL.swift */; };
		4218EC5525739A6400007EF4 /* Extension+NSTextView.swift in Sources */ = {isa = PBXBuildFile; fileRef = 4218EC5425739A6400007EF4 /* Extension+NSTextView.swift */; };
		4218EC5B2573B0AA00007EF4 /* WindowController.swift in Sources */ = {isa = PBXBuildFile; fileRef = 4218EC5A2573B0AA00007EF4 /* WindowController.swift */; };
		4218EC682573E31E00007EF4 /* UserDefaults.swift in Sources */ = {isa = PBXBuildFile; fileRef = 4218EC672573E31E00007EF4 /* UserDefaults.swift */; };
		42AA53392571F2C60015712C /* AppDelegate.swift in Sources */ = {isa = PBXBuildFile; fileRef = 42AA53382571F2C60015712C /* AppDelegate.swift */; };
		42AA533B2571F2C70015712C /* ViewController.swift in Sources */ = {isa = PBXBuildFile; fileRef = 42AA533A2571F2C70015712C /* ViewController.swift */; };
		42AA533D2571F2C70015712C /* Assets.xcassets in Resources */ = {isa = PBXBuildFile; fileRef = 42AA533C2571F2C70015712C /* Assets.xcassets */; };
		42AA53402571F2C70015712C /* Main.storyboard in Resources */ = {isa = PBXBuildFile; fileRef = 42AA533E2571F2C70015712C /* Main.storyboard */; };
		42AA534A25726A750015712C /* Document.swift in Sources */ = {isa = PBXBuildFile; fileRef = 42AA534925726A750015712C /* Document.swift */; };
		42AA53522572739E0015712C /* Code.swift in Sources */ = {isa = PBXBuildFile; fileRef = 42AA53512572739E0015712C /* Code.swift */; };
		42AA535A257287580015712C /* Sourceful in Frameworks */ = {isa = PBXBuildFile; productRef = 42AA5359257287580015712C /* Sourceful */; };
/* End PBXBuildFile section */

/* Begin PBXFileReference section */
		4218EC33257291C700007EF4 /* LightSourceCodeTheme.swift */ = {isa = PBXFileReference; lastKnownFileType = sourcecode.swift; path = LightSourceCodeTheme.swift; sourceTree = "<group>"; };
		4218EC372572971100007EF4 /* DarkSourceCodeTheme.swift */ = {isa = PBXFileReference; lastKnownFileType = sourcecode.swift; path = DarkSourceCodeTheme.swift; sourceTree = "<group>"; };
		4218EC3A2572C1C300007EF4 /* REPL.swift */ = {isa = PBXFileReference; lastKnownFileType = sourcecode.swift; path = REPL.swift; sourceTree = "<group>"; };
		4218EC5425739A6400007EF4 /* Extension+NSTextView.swift */ = {isa = PBXFileReference; lastKnownFileType = sourcecode.swift; path = "Extension+NSTextView.swift"; sourceTree = "<group>"; };
		4218EC5A2573B0AA00007EF4 /* WindowController.swift */ = {isa = PBXFileReference; lastKnownFileType = sourcecode.swift; path = WindowController.swift; sourceTree = "<group>"; };
		4218EC672573E31E00007EF4 /* UserDefaults.swift */ = {isa = PBXFileReference; lastKnownFileType = sourcecode.swift; path = UserDefaults.swift; sourceTree = "<group>"; };
		42AA53352571F2C60015712C /* Code.app */ = {isa = PBXFileReference; explicitFileType = wrapper.application; includeInIndex = 0; path = Code.app; sourceTree = BUILT_PRODUCTS_DIR; };
		42AA53382571F2C60015712C /* AppDelegate.swift */ = {isa = PBXFileReference; lastKnownFileType = sourcecode.swift; path = AppDelegate.swift; sourceTree = "<group>"; };
		42AA533A2571F2C70015712C /* ViewController.swift */ = {isa = PBXFileReference; lastKnownFileType = sourcecode.swift; path = ViewController.swift; sourceTree = "<group>"; };
		42AA533C2571F2C70015712C /* Assets.xcassets */ = {isa = PBXFileReference; lastKnownFileType = folder.assetcatalog; path = Assets.xcassets; sourceTree = "<group>"; };
		42AA533F2571F2C70015712C /* Base */ = {isa = PBXFileReference; lastKnownFileType = file.storyboard; name = Base; path = Base.lproj/Main.storyboard; sourceTree = "<group>"; };
		42AA53412571F2C70015712C /* Info.plist */ = {isa = PBXFileReference; lastKnownFileType = text.plist.xml; path = Info.plist; sourceTree = "<group>"; };
		42AA53422571F2C70015712C /* Code.entitlements */ = {isa = PBXFileReference; lastKnownFileType = text.plist.entitlements; path = Code.entitlements; sourceTree = "<group>"; };
		42AA534925726A750015712C /* Document.swift */ = {isa = PBXFileReference; lastKnownFileType = sourcecode.swift; path = Document.swift; sourceTree = "<group>"; };
		42AA534C25726B2D0015712C /* CodeDebug.entitlements */ = {isa = PBXFileReference; lastKnownFileType = text.plist.entitlements; path = CodeDebug.entitlements; sourceTree = "<group>"; };
		42AA53512572739E0015712C /* Code.swift */ = {isa = PBXFileReference; lastKnownFileType = sourcecode.swift; path = Code.swift; sourceTree = "<group>"; };
/* End PBXFileReference section */

/* Begin PBXFrameworksBuildPhase section */
		42AA53322571F2C60015712C /* Frameworks */ = {
			isa = PBXFrameworksBuildPhase;
			buildActionMask = 2147483647;
			files = (
				42AA535A257287580015712C /* Sourceful in Frameworks */,
			);
			runOnlyForDeploymentPostprocessing = 0;
		};
/* End PBXFrameworksBuildPhase section */

/* Begin PBXGroup section */
		4218EC32257291B000007EF4 /* Themes */ = {
			isa = PBXGroup;
			children = (
				4218EC33257291C700007EF4 /* LightSourceCodeTheme.swift */,
				4218EC372572971100007EF4 /* DarkSourceCodeTheme.swift */,
			);
			path = Themes;
			sourceTree = "<group>";
		};
		4218EC5D2573B0EC00007EF4 /* Helpers */ = {
			isa = PBXGroup;
			children = (
				4218EC672573E31E00007EF4 /* UserDefaults.swift */,
				4218EC3A2572C1C300007EF4 /* REPL.swift */,
				4218EC5425739A6400007EF4 /* Extension+NSTextView.swift */,
			);
			path = Helpers;
			sourceTree = "<group>";
		};
		42AA532C2571F2C60015712C = {
			isa = PBXGroup;
			children = (
				42AA53372571F2C60015712C /* Code */,
				42AA53362571F2C60015712C /* Products */,
			);
			sourceTree = "<group>";
		};
		42AA53362571F2C60015712C /* Products */ = {
			isa = PBXGroup;
			children = (
				42AA53352571F2C60015712C /* Code.app */,
			);
			name = Products;
			sourceTree = "<group>";
		};
		42AA53372571F2C60015712C /* Code */ = {
			isa = PBXGroup;
			children = (
				4218EC5D2573B0EC00007EF4 /* Helpers */,
				4218EC32257291B000007EF4 /* Themes */,
				42AA5350257273800015712C /* Models */,
				42AA5357257281530015712C /* Controllers */,
				42AA534F257273600015712C /* Resources */,
			);
			path = Code;
			sourceTree = "<group>";
		};
		42AA534F257273600015712C /* Resources */ = {
			isa = PBXGroup;
			children = (
				42AA53382571F2C60015712C /* AppDelegate.swift */,
				42AA533C2571F2C70015712C /* Assets.xcassets */,
				42AA534C25726B2D0015712C /* CodeDebug.entitlements */,
				42AA53422571F2C70015712C /* Code.entitlements */,
				42AA53412571F2C70015712C /* Info.plist */,
				42AA533E2571F2C70015712C /* Main.storyboard */,
			);
			name = Resources;
			sourceTree = "<group>";
		};
		42AA5350257273800015712C /* Models */ = {
			isa = PBXGroup;
			children = (
				42AA534925726A750015712C /* Document.swift */,
				42AA53512572739E0015712C /* Code.swift */,
			);
			path = Models;
			sourceTree = "<group>";
		};
		42AA5357257281530015712C /* Controllers */ = {
			isa = PBXGroup;
			children = (
				4218EC5A2573B0AA00007EF4 /* WindowController.swift */,
				42AA533A2571F2C70015712C /* ViewController.swift */,
			);
			path = Controllers;
			sourceTree = "<group>";
		};
/* End PBXGroup section */

/* Begin PBXNativeTarget section */
		42AA53342571F2C60015712C /* Code */ = {
			isa = PBXNativeTarget;
			buildConfigurationList = 42AA53452571F2C70015712C /* Build configuration list for PBXNativeTarget "Code" */;
			buildPhases = (
				42AA53312571F2C60015712C /* Sources */,
				42AA53322571F2C60015712C /* Frameworks */,
				42AA53332571F2C60015712C /* Resources */,
			);
			buildRules = (
			);
			dependencies = (
			);
			name = Code;
			packageProductDependencies = (
				42AA5359257287580015712C /* Sourceful */,
			);
			productName = Code;
			productReference = 42AA53352571F2C60015712C /* Code.app */;
			productType = "com.apple.product-type.application";
		};
/* End PBXNativeTarget section */

/* Begin PBXProject section */
		42AA532D2571F2C60015712C /* Project object */ = {
			isa = PBXProject;
			attributes = {
				LastSwiftUpdateCheck = 1220;
				LastUpgradeCheck = 1220;
				TargetAttributes = {
					42AA53342571F2C60015712C = {
						CreatedOnToolsVersion = 12.2;
					};
				};
			};
			buildConfigurationList = 42AA53302571F2C60015712C /* Build configuration list for PBXProject "Code" */;
			compatibilityVersion = "Xcode 9.3";
			developmentRegion = en;
			hasScannedForEncodings = 0;
			knownRegions = (
				en,
				Base,
			);
			mainGroup = 42AA532C2571F2C60015712C;
			packageReferences = (
				42AA5358257287580015712C /* XCRemoteSwiftPackageReference "Sourceful" */,
			);
			productRefGroup = 42AA53362571F2C60015712C /* Products */;
			projectDirPath = "";
			projectRoot = "";
			targets = (
				42AA53342571F2C60015712C /* Code */,
			);
		};
/* End PBXProject section */

/* Begin PBXResourcesBuildPhase section */
		42AA53332571F2C60015712C /* Resources */ = {
			isa = PBXResourcesBuildPhase;
			buildActionMask = 2147483647;
			files = (
				42AA533D2571F2C70015712C /* Assets.xcassets in Resources */,
				42AA53402571F2C70015712C /* Main.storyboard in Resources */,
			);
			runOnlyForDeploymentPostprocessing = 0;
		};
/* End PBXResourcesBuildPhase section */

/* Begin PBXSourcesBuildPhase section */
		42AA53312571F2C60015712C /* Sources */ = {
			isa = PBXSourcesBuildPhase;
			buildActionMask = 2147483647;
			files = (
				42AA53522572739E0015712C /* Code.swift in Sources */,
				4218EC34257291C700007EF4 /* LightSourceCodeTheme.swift in Sources */,
				42AA533B2571F2C70015712C /* ViewController.swift in Sources */,
				4218EC382572971100007EF4 /* DarkSourceCodeTheme.swift in Sources */,
				4218EC5B2573B0AA00007EF4 /* WindowController.swift in Sources */,
				42AA53392571F2C60015712C /* AppDelegate.swift in Sources */,
				4218EC682573E31E00007EF4 /* UserDefaults.swift in Sources */,
				4218EC3B2572C1C300007EF4 /* REPL.swift in Sources */,
				4218EC5525739A6400007EF4 /* Extension+NSTextView.swift in Sources */,
				42AA534A25726A750015712C /* Document.swift in Sources */,
			);
			runOnlyForDeploymentPostprocessing = 0;
		};
/* End PBXSourcesBuildPhase section */

/* Begin PBXVariantGroup section */
		42AA533E2571F2C70015712C /* Main.storyboard */ = {
			isa = PBXVariantGroup;
			children = (
				42AA533F2571F2C70015712C /* Base */,
			);
			name = Main.storyboard;
			sourceTree = "<group>";
		};
/* End PBXVariantGroup section */

/* Begin XCBuildConfiguration section */
		42AA53432571F2C70015712C /* Debug */ = {
			isa = XCBuildConfiguration;
			buildSettings = {
				ALWAYS_SEARCH_USER_PATHS = NO;
				CLANG_ANALYZER_NONNULL = YES;
				CLANG_ANALYZER_NUMBER_OBJECT_CONVERSION = YES_AGGRESSIVE;
				CLANG_CXX_LANGUAGE_STANDARD = "gnu++14";
				CLANG_CXX_LIBRARY = "libc++";
				CLANG_ENABLE_MODULES = YES;
				CLANG_ENABLE_OBJC_ARC = YES;
				CLANG_ENABLE_OBJC_WEAK = YES;
				CLANG_WARN_BLOCK_CAPTURE_AUTORELEASING = YES;
				CLANG_WARN_BOOL_CONVERSION = YES;
				CLANG_WARN_COMMA = YES;
				CLANG_WARN_CONSTANT_CONVERSION = YES;
				CLANG_WARN_DEPRECATED_OBJC_IMPLEMENTATIONS = YES;
				CLANG_WARN_DIRECT_OBJC_ISA_USAGE = YES_ERROR;
				CLANG_WARN_DOCUMENTATION_COMMENTS = YES;
				CLANG_WARN_EMPTY_BODY = YES;
				CLANG_WARN_ENUM_CONVERSION = YES;
				CLANG_WARN_INFINITE_RECURSION = YES;
				CLANG_WARN_INT_CONVERSION = YES;
				CLANG_WARN_NON_LITERAL_NULL_CONVERSION = YES;
				CLANG_WARN_OBJC_IMPLICIT_RETAIN_SELF = YES;
				CLANG_WARN_OBJC_LITERAL_CONVERSION = YES;
				CLANG_WARN_OBJC_ROOT_CLASS = YES_ERROR;
				CLANG_WARN_QUOTED_INCLUDE_IN_FRAMEWORK_HEADER = YES;
				CLANG_WARN_RANGE_LOOP_ANALYSIS = YES;
				CLANG_WARN_STRICT_PROTOTYPES = YES;
				CLANG_WARN_SUSPICIOUS_MOVE = YES;
				CLANG_WARN_UNGUARDED_AVAILABILITY = YES_AGGRESSIVE;
				CLANG_WARN_UNREACHABLE_CODE = YES;
				CLANG_WARN__DUPLICATE_METHOD_MATCH = YES;
				COPY_PHASE_STRIP = NO;
				DEBUG_INFORMATION_FORMAT = dwarf;
				ENABLE_STRICT_OBJC_MSGSEND = YES;
				ENABLE_TESTABILITY = YES;
				GCC_C_LANGUAGE_STANDARD = gnu11;
				GCC_DYNAMIC_NO_PIC = NO;
				GCC_NO_COMMON_BLOCKS = YES;
				GCC_OPTIMIZATION_LEVEL = 0;
				GCC_PREPROCESSOR_DEFINITIONS = (
					"DEBUG=1",
					"$(inherited)",
				);
				GCC_WARN_64_TO_32_BIT_CONVERSION = YES;
				GCC_WARN_ABOUT_RETURN_TYPE = YES_ERROR;
				GCC_WARN_UNDECLARED_SELECTOR = YES;
				GCC_WARN_UNINITIALIZED_AUTOS = YES_AGGRESSIVE;
				GCC_WARN_UNUSED_FUNCTION = YES;
				GCC_WARN_UNUSED_VARIABLE = YES;
				MACOSX_DEPLOYMENT_TARGET = 10.15;
				MTL_ENABLE_DEBUG_INFO = INCLUDE_SOURCE;
				MTL_FAST_MATH = YES;
				ONLY_ACTIVE_ARCH = YES;
				SDKROOT = macosx;
				SWIFT_ACTIVE_COMPILATION_CONDITIONS = DEBUG;
				SWIFT_OPTIMIZATION_LEVEL = "-Onone";
			};
			name = Debug;
		};
		42AA53442571F2C70015712C /* Release */ = {
			isa = XCBuildConfiguration;
			buildSettings = {
				ALWAYS_SEARCH_USER_PATHS = NO;
				CLANG_ANALYZER_NONNULL = YES;
				CLANG_ANALYZER_NUMBER_OBJECT_CONVERSION = YES_AGGRESSIVE;
				CLANG_CXX_LANGUAGE_STANDARD = "gnu++14";
				CLANG_CXX_LIBRARY = "libc++";
				CLANG_ENABLE_MODULES = YES;
				CLANG_ENABLE_OBJC_ARC = YES;
				CLANG_ENABLE_OBJC_WEAK = YES;
				CLANG_WARN_BLOCK_CAPTURE_AUTORELEASING = YES;
				CLANG_WARN_BOOL_CONVERSION = YES;
				CLANG_WARN_COMMA = YES;
				CLANG_WARN_CONSTANT_CONVERSION = YES;
				CLANG_WARN_DEPRECATED_OBJC_IMPLEMENTATIONS = YES;
				CLANG_WARN_DIRECT_OBJC_ISA_USAGE = YES_ERROR;
				CLANG_WARN_DOCUMENTATION_COMMENTS = YES;
				CLANG_WARN_EMPTY_BODY = YES;
				CLANG_WARN_ENUM_CONVERSION = YES;
				CLANG_WARN_INFINITE_RECURSION = YES;
				CLANG_WARN_INT_CONVERSION = YES;
				CLANG_WARN_NON_LITERAL_NULL_CONVERSION = YES;
				CLANG_WARN_OBJC_IMPLICIT_RETAIN_SELF = YES;
				CLANG_WARN_OBJC_LITERAL_CONVERSION = YES;
				CLANG_WARN_OBJC_ROOT_CLASS = YES_ERROR;
				CLANG_WARN_QUOTED_INCLUDE_IN_FRAMEWORK_HEADER = YES;
				CLANG_WARN_RANGE_LOOP_ANALYSIS = YES;
				CLANG_WARN_STRICT_PROTOTYPES = YES;
				CLANG_WARN_SUSPICIOUS_MOVE = YES;
				CLANG_WARN_UNGUARDED_AVAILABILITY = YES_AGGRESSIVE;
				CLANG_WARN_UNREACHABLE_CODE = YES;
				CLANG_WARN__DUPLICATE_METHOD_MATCH = YES;
				COPY_PHASE_STRIP = NO;
				DEBUG_INFORMATION_FORMAT = "dwarf-with-dsym";
				ENABLE_NS_ASSERTIONS = NO;
				ENABLE_STRICT_OBJC_MSGSEND = YES;
				GCC_C_LANGUAGE_STANDARD = gnu11;
				GCC_NO_COMMON_BLOCKS = YES;
				GCC_WARN_64_TO_32_BIT_CONVERSION = YES;
				GCC_WARN_ABOUT_RETURN_TYPE = YES_ERROR;
				GCC_WARN_UNDECLARED_SELECTOR = YES;
				GCC_WARN_UNINITIALIZED_AUTOS = YES_AGGRESSIVE;
				GCC_WARN_UNUSED_FUNCTION = YES;
				GCC_WARN_UNUSED_VARIABLE = YES;
				MACOSX_DEPLOYMENT_TARGET = 10.15;
				MTL_ENABLE_DEBUG_INFO = NO;
				MTL_FAST_MATH = YES;
				SDKROOT = macosx;
				SWIFT_COMPILATION_MODE = wholemodule;
				SWIFT_OPTIMIZATION_LEVEL = "-O";
			};
			name = Release;
		};
		42AA53462571F2C70015712C /* Debug */ = {
			isa = XCBuildConfiguration;
			buildSettings = {
				ASSETCATALOG_COMPILER_APPICON_NAME = AppIcon;
				ASSETCATALOG_COMPILER_GLOBAL_ACCENT_COLOR_NAME = AccentColor;
				CODE_SIGN_ENTITLEMENTS = Code/CodeDebug.entitlements;
				CODE_SIGN_STYLE = Automatic;
				COMBINE_HIDPI_IMAGES = YES;
				DEVELOPMENT_TEAM = T22WQ5292J;
				ENABLE_HARDENED_RUNTIME = YES;
				INFOPLIST_FILE = Code/Info.plist;
				LD_RUNPATH_SEARCH_PATHS = (
					"$(inherited)",
					"@executable_path/../Frameworks",
				);
				PRODUCT_BUNDLE_IDENTIFIER = com.ski.Code;
				PRODUCT_NAME = "$(TARGET_NAME)";
				SWIFT_VERSION = 5.0;
			};
			name = Debug;
		};
		42AA53472571F2C70015712C /* Release */ = {
			isa = XCBuildConfiguration;
			buildSettings = {
				ASSETCATALOG_COMPILER_APPICON_NAME = AppIcon;
				ASSETCATALOG_COMPILER_GLOBAL_ACCENT_COLOR_NAME = AccentColor;
				CODE_SIGN_ENTITLEMENTS = Code/Code.entitlements;
				CODE_SIGN_STYLE = Automatic;
				COMBINE_HIDPI_IMAGES = YES;
				DEVELOPMENT_TEAM = T22WQ5292J;
				ENABLE_HARDENED_RUNTIME = YES;
				INFOPLIST_FILE = Code/Info.plist;
				LD_RUNPATH_SEARCH_PATHS = (
					"$(inherited)",
					"@executable_path/../Frameworks",
				);
				PRODUCT_BUNDLE_IDENTIFIER = com.ski.Code;
				PRODUCT_NAME = "$(TARGET_NAME)";
				SWIFT_VERSION = 5.0;
			};
			name = Release;
		};
/* End XCBuildConfiguration section */

/* Begin XCConfigurationList section */
		42AA53302571F2C60015712C /* Build configuration list for PBXProject "Code" */ = {
			isa = XCConfigurationList;
			buildConfigurations = (
				42AA53432571F2C70015712C /* Debug */,
				42AA53442571F2C70015712C /* Release */,
			);
			defaultConfigurationIsVisible = 0;
			defaultConfigurationName = Release;
		};
		42AA53452571F2C70015712C /* Build configuration list for PBXNativeTarget "Code" */ = {
			isa = XCConfigurationList;
			buildConfigurations = (
				42AA53462571F2C70015712C /* Debug */,
				42AA53472571F2C70015712C /* Release */,
			);
			defaultConfigurationIsVisible = 0;
			defaultConfigurationName = Release;
		};
/* End XCConfigurationList section */

/* Begin XCRemoteSwiftPackageReference section */
		42AA5358257287580015712C /* XCRemoteSwiftPackageReference "Sourceful" */ = {
			isa = XCRemoteSwiftPackageReference;
			repositoryURL = "https://github.com/twostraws/Sourceful.git";
			requirement = {
				kind = upToNextMajorVersion;
				minimumVersion = 0.3.0;
			};
		};
/* End XCRemoteSwiftPackageReference section */

/* Begin XCSwiftPackageProductDependency section */
		42AA5359257287580015712C /* Sourceful */ = {
			isa = XCSwiftPackageProductDependency;
			package = 42AA5358257287580015712C /* XCRemoteSwiftPackageReference "Sourceful" */;
			productName = Sourceful;
		};
/* End XCSwiftPackageProductDependency section */
	};
	rootObject = 42AA532D2571F2C60015712C /* Project object */;
}
